// !$*UTF8*$!
{
	archiveVersion = 1;
	classes = {
	};
	objectVersion = 46;
	objects = {

/* Begin PBXBuildFile section */
		7C55631D1C929F2100665A35 /* ic_down@2x.png in Resources */ = {isa = PBXBuildFile; fileRef = 7C55631C1C929F2100665A35 /* ic_down@2x.png */; };
		7C5563211C92A06800665A35 /* UIView+Frame.m in Sources */ = {isa = PBXBuildFile; fileRef = 7C5563201C92A06800665A35 /* UIView+Frame.m */; };
		7C7548EC1C9930EB00BE4686 /* grayBtn@2x.png in Resources */ = {isa = PBXBuildFile; fileRef = 7C7548EA1C9930EB00BE4686 /* grayBtn@2x.png */; };
		7C7548ED1C9930EB00BE4686 /* highligtBtn@2x.png in Resources */ = {isa = PBXBuildFile; fileRef = 7C7548EB1C9930EB00BE4686 /* highligtBtn@2x.png */; };
		7CE0296E1C8EBFA100E3FA21 /* main.m in Sources */ = {isa = PBXBuildFile; fileRef = 7CE0296D1C8EBFA100E3FA21 /* main.m */; };
		7CE029711C8EBFA100E3FA21 /* AppDelegate.m in Sources */ = {isa = PBXBuildFile; fileRef = 7CE029701C8EBFA100E3FA21 /* AppDelegate.m */; };
		7CE029791C8EBFA100E3FA21 /* Assets.xcassets in Resources */ = {isa = PBXBuildFile; fileRef = 7CE029781C8EBFA100E3FA21 /* Assets.xcassets */; };
		7CE0298A1C8EC0FF00E3FA21 /* MainViewController.m in Sources */ = {isa = PBXBuildFile; fileRef = 7CE029891C8EC0FF00E3FA21 /* MainViewController.m */; };
/* End PBXBuildFile section */

/* Begin PBXFileReference section */
		7C55631C1C929F2100665A35 /* ic_down@2x.png */ = {isa = PBXFileReference; lastKnownFileType = image.png; path = "ic_down@2x.png"; sourceTree = "<group>"; };
		7C55631F1C92A06800665A35 /* UIView+Frame.h */ = {isa = PBXFileReference; fileEncoding = 4; lastKnownFileType = sourcecode.c.h; lineEnding = 0; path = "UIView+Frame.h"; sourceTree = "<group>"; xcLanguageSpecificationIdentifier = xcode.lang.objcpp; };
		7C5563201C92A06800665A35 /* UIView+Frame.m */ = {isa = PBXFileReference; fileEncoding = 4; lastKnownFileType = sourcecode.c.objc; lineEnding = 0; path = "UIView+Frame.m"; sourceTree = "<group>"; xcLanguageSpecificationIdentifier = xcode.lang.objc; };
		7C7548EA1C9930EB00BE4686 /* grayBtn@2x.png */ = {isa = PBXFileReference; lastKnownFileType = image.png; path = "grayBtn@2x.png"; sourceTree = "<group>"; };
		7C7548EB1C9930EB00BE4686 /* highligtBtn@2x.png */ = {isa = PBXFileReference; lastKnownFileType = image.png; path = "highligtBtn@2x.png"; sourceTree = "<group>"; };
		7CE029691C8EBFA100E3FA21 /* Demo-动态选择列表.app */ = {isa = PBXFileReference; explicitFileType = wrapper.application; includeInIndex = 0; path = "Demo-动态选择列表.app"; sourceTree = BUILT_PRODUCTS_DIR; };
		7CE0296D1C8EBFA100E3FA21 /* main.m */ = {isa = PBXFileReference; lastKnownFileType = sourcecode.c.objc; lineEnding = 0; path = main.m; sourceTree = "<group>"; xcLanguageSpecificationIdentifier = xcode.lang.objc; };
		7CE0296F1C8EBFA100E3FA21 /* AppDelegate.h */ = {isa = PBXFileReference; lastKnownFileType = sourcecode.c.h; lineEnding = 0; path = AppDelegate.h; sourceTree = "<group>"; xcLanguageSpecificationIdentifier = xcode.lang.objcpp; };
		7CE029701C8EBFA100E3FA21 /* AppDelegate.m */ = {isa = PBXFileReference; lastKnownFileType = sourcecode.c.objc; lineEnding = 0; path = AppDelegate.m; sourceTree = "<group>"; xcLanguageSpecificationIdentifier = xcode.lang.objc; };
		7CE029781C8EBFA100E3FA21 /* Assets.xcassets */ = {isa = PBXFileReference; lastKnownFileType = folder.assetcatalog; name = Assets.xcassets; path = ../Assets.xcassets; sourceTree = "<group>"; };
		7CE0297D1C8EBFA100E3FA21 /* Info.plist */ = {isa = PBXFileReference; lastKnownFileType = text.plist.xml; name = Info.plist; path = ../Info.plist; sourceTree = "<group>"; };
		7CE029881C8EC0FF00E3FA21 /* MainViewController.h */ = {isa = PBXFileReference; fileEncoding = 4; lastKnownFileType = sourcecode.c.h; lineEnding = 0; path = MainViewController.h; sourceTree = "<group>"; xcLanguageSpecificationIdentifier = xcode.lang.objcpp; };
		7CE029891C8EC0FF00E3FA21 /* MainViewController.m */ = {isa = PBXFileReference; fileEncoding = 4; lastKnownFileType = sourcecode.c.objc; lineEnding = 0; path = MainViewController.m; sourceTree = "<group>"; xcLanguageSpecificationIdentifier = xcode.lang.objc; };
/* End PBXFileReference section */

/* Begin PBXFrameworksBuildPhase section */
		7CE029661C8EBFA100E3FA21 /* Frameworks */ = {
			isa = PBXFrameworksBuildPhase;
			buildActionMask = 2147483647;
			files = (
			);
			runOnlyForDeploymentPostprocessing = 0;
		};
/* End PBXFrameworksBuildPhase section */

/* Begin PBXGroup section */
		7C5563191C929EC500665A35 /* Others */ = {
			isa = PBXGroup;
			children = (
				7C55631E1C92A04800665A35 /* Lib */,
				7C55631A1C929EC500665A35 /* Resource */,
			);
			path = Others;
			sourceTree = "<group>";
		};
		7C55631A1C929EC500665A35 /* Resource */ = {
			isa = PBXGroup;
			children = (
				7C55631B1C929F1300665A35 /* image */,
			);
			path = Resource;
			sourceTree = "<group>";
		};
		7C55631B1C929F1300665A35 /* image */ = {
			isa = PBXGroup;
			children = (
				7C7548EA1C9930EB00BE4686 /* grayBtn@2x.png */,
				7C7548EB1C9930EB00BE4686 /* highligtBtn@2x.png */,
				7C55631C1C929F2100665A35 /* ic_down@2x.png */,
			);
			path = image;
			sourceTree = "<group>";
		};
		7C55631E1C92A04800665A35 /* Lib */ = {
			isa = PBXGroup;
			children = (
				7C55631F1C92A06800665A35 /* UIView+Frame.h */,
				7C5563201C92A06800665A35 /* UIView+Frame.m */,
			);
			path = Lib;
			sourceTree = "<group>";
		};
		7CE029601C8EBFA100E3FA21 = {
			isa = PBXGroup;
			children = (
				7CE0296B1C8EBFA100E3FA21 /* Demo-动态选择列表 */,
				7CE0296A1C8EBFA100E3FA21 /* Products */,
			);
			sourceTree = "<group>";
		};
		7CE0296A1C8EBFA100E3FA21 /* Products */ = {
			isa = PBXGroup;
			children = (
				7CE029691C8EBFA100E3FA21 /* Demo-动态选择列表.app */,
			);
			name = Products;
			sourceTree = "<group>";
		};
		7CE0296B1C8EBFA100E3FA21 /* Demo-动态选择列表 */ = {
			isa = PBXGroup;
			children = (
				7CE029831C8EC03E00E3FA21 /* Classes */,
				7CE029841C8EC03E00E3FA21 /* Other */,
				7CE0296F1C8EBFA100E3FA21 /* AppDelegate.h */,
				7CE029701C8EBFA100E3FA21 /* AppDelegate.m */,
			);
			path = "Demo-动态选择列表";
			sourceTree = "<group>";
		};
		7CE0296C1C8EBFA100E3FA21 /* Supporting Files */ = {
			isa = PBXGroup;
			children = (
				7CE0296D1C8EBFA100E3FA21 /* main.m */,
			);
			name = "Supporting Files";
			path = ..;
			sourceTree = "<group>";
		};
		7CE029831C8EC03E00E3FA21 /* Classes */ = {
			isa = PBXGroup;
			children = (
				7C5563191C929EC500665A35 /* Others */,
				7CE029851C8EC0AA00E3FA21 /* Controller */,
				7CE029861C8EC0AA00E3FA21 /* Model */,
				7CE029871C8EC0AA00E3FA21 /* View */,
			);
			path = Classes;
			sourceTree = "<group>";
		};
		7CE029841C8EC03E00E3FA21 /* Other */ = {
			isa = PBXGroup;
			children = (
				7CE029781C8EBFA100E3FA21 /* Assets.xcassets */,
				7CE0297D1C8EBFA100E3FA21 /* Info.plist */,
				7CE0296C1C8EBFA100E3FA21 /* Supporting Files */,
			);
			path = Other;
			sourceTree = "<group>";
		};
		7CE029851C8EC0AA00E3FA21 /* Controller */ = {
			isa = PBXGroup;
			children = (
				7CE029881C8EC0FF00E3FA21 /* MainViewController.h */,
				7CE029891C8EC0FF00E3FA21 /* MainViewController.m */,
			);
			path = Controller;
			sourceTree = "<group>";
		};
		7CE029861C8EC0AA00E3FA21 /* Model */ = {
			isa = PBXGroup;
			children = (
			);
			path = Model;
			sourceTree = "<group>";
		};
		7CE029871C8EC0AA00E3FA21 /* View */ = {
			isa = PBXGroup;
			children = (
			);
			path = View;
			sourceTree = "<group>";
		};
/* End PBXGroup section */

/* Begin PBXNativeTarget section */
		7CE029681C8EBFA100E3FA21 /* Demo-动态选择列表 */ = {
			isa = PBXNativeTarget;
			buildConfigurationList = 7CE029801C8EBFA100E3FA21 /* Build configuration list for PBXNativeTarget "Demo-动态选择列表" */;
			buildPhases = (
				7CE029651C8EBFA100E3FA21 /* Sources */,
				7CE029661C8EBFA100E3FA21 /* Frameworks */,
				7CE029671C8EBFA100E3FA21 /* Resources */,
			);
			buildRules = (
			);
			dependencies = (
			);
			name = "Demo-动态选择列表";
			productName = "Demo-动态选择列表";
			productReference = 7CE029691C8EBFA100E3FA21 /* Demo-动态选择列表.app */;
			productType = "com.apple.product-type.application";
		};
/* End PBXNativeTarget section */

/* Begin PBXProject section */
		7CE029611C8EBFA100E3FA21 /* Project object */ = {
			isa = PBXProject;
			attributes = {
				LastUpgradeCheck = 0710;
				TargetAttributes = {
					7CE029681C8EBFA100E3FA21 = {
						CreatedOnToolsVersion = 7.1.1;
					};
				};
			};
			buildConfigurationList = 7CE029641C8EBFA100E3FA21 /* Build configuration list for PBXProject "Demo-动态选择列表" */;
			compatibilityVersion = "Xcode 3.2";
			developmentRegion = English;
			hasScannedForEncodings = 0;
			knownRegions = (
				en,
				Base,
			);
			mainGroup = 7CE029601C8EBFA100E3FA21;
			productRefGroup = 7CE0296A1C8EBFA100E3FA21 /* Products */;
			projectDirPath = "";
			projectRoot = "";
			targets = (
				7CE029681C8EBFA100E3FA21 /* Demo-动态选择列表 */,
			);
		};
/* End PBXProject section */

/* Begin PBXResourcesBuildPhase section */
		7CE029671C8EBFA100E3FA21 /* Resources */ = {
			isa = PBXResourcesBuildPhase;
			buildActionMask = 2147483647;
			files = (
				7C55631D1C929F2100665A35 /* ic_down@2x.png in Resources */,
				7C7548EC1C9930EB00BE4686 /* grayBtn@2x.png in Resources */,
				7CE029791C8EBFA100E3FA21 /* Assets.xcassets in Resources */,
				7C7548ED1C9930EB00BE4686 /* highligtBtn@2x.png in Resources */,
			);
			runOnlyForDeploymentPostprocessing = 0;
		};
/* End PBXResourcesBuildPhase section */

/* Begin PBXSourcesBuildPhase section */
		7CE029651C8EBFA100E3FA21 /* Sources */ = {
			isa = PBXSourcesBuildPhase;
			buildActionMask = 2147483647;
			files = (
				7C5563211C92A06800665A35 /* UIView+Frame.m in Sources */,
				7CE029711C8EBFA100E3FA21 /* AppDelegate.m in Sources */,
				7CE0298A1C8EC0FF00E3FA21 /* MainViewController.m in Sources */,
				7CE0296E1C8EBFA100E3FA21 /* main.m in Sources */,
			);
			runOnlyForDeploymentPostprocessing = 0;
		};
/* End PBXSourcesBuildPhase section */

/* Begin XCBuildConfiguration section */
		7CE0297E1C8EBFA100E3FA21 /* Debug */ = {
			isa = XCBuildConfiguration;
			buildSettings = {
				ALWAYS_SEARCH_USER_PATHS = NO;
				CLANG_CXX_LANGUAGE_STANDARD = "gnu++0x";
				CLANG_CXX_LIBRARY = "libc++";
				CLANG_ENABLE_MODULES = YES;
				CLANG_ENABLE_OBJC_ARC = YES;
				CLANG_WARN_BOOL_CONVERSION = YES;
				CLANG_WARN_CONSTANT_CONVERSION = YES;
				CLANG_WARN_DIRECT_OBJC_ISA_USAGE = YES_ERROR;
				CLANG_WARN_EMPTY_BODY = YES;
				CLANG_WARN_ENUM_CONVERSION = YES;
				CLANG_WARN_INT_CONVERSION = YES;
				CLANG_WARN_OBJC_ROOT_CLASS = YES_ERROR;
				CLANG_WARN_UNREACHABLE_CODE = YES;
				CLANG_WARN__DUPLICATE_METHOD_MATCH = YES;
				"CODE_SIGN_IDENTITY[sdk=iphoneos*]" = "iPhone Developer";
				COPY_PHASE_STRIP = NO;
				DEBUG_INFORMATION_FORMAT = dwarf;
				ENABLE_STRICT_OBJC_MSGSEND = YES;
				ENABLE_TESTABILITY = YES;
				GCC_C_LANGUAGE_STANDARD = gnu99;
				GCC_DYNAMIC_NO_PIC = NO;
				GCC_NO_COMMON_BLOCKS = YES;
				GCC_OPTIMIZATION_LEVEL = 0;
				GCC_PREPROCESSOR_DEFINITIONS = (
					"DEBUG=1",
					"$(inherited)",
				);
				GCC_WARN_64_TO_32_BIT_CONVERSION = YES;
				GCC_WARN_ABOUT_RETURN_TYPE = YES_ERROR;
				GCC_WARN_UNDECLARED_SELECTOR = YES;
				GCC_WARN_UNINITIALIZED_AUTOS = YES_AGGRESSIVE;
				GCC_WARN_UNUSED_FUNCTION = YES;
				GCC_WARN_UNUSED_VARIABLE = YES;
				IPHONEOS_DEPLOYMENT_TARGET = 9.1;
				MTL_ENABLE_DEBUG_INFO = YES;
				ONLY_ACTIVE_ARCH = YES;
				SDKROOT = iphoneos;
			};
			name = Debug;
		};
		7CE0297F1C8EBFA100E3FA21 /* Release */ = {
			isa = XCBuildConfiguration;
			buildSettings = {
				ALWAYS_SEARCH_USER_PATHS = NO;
				CLANG_CXX_LANGUAGE_STANDARD = "gnu++0x";
				CLANG_CXX_LIBRARY = "libc++";
				CLANG_ENABLE_MODULES = YES;
				CLANG_ENABLE_OBJC_ARC = YES;
				CLANG_WARN_BOOL_CONVERSION = YES;
				CLANG_WARN_CONSTANT_CONVERSION = YES;
				CLANG_WARN_DIRECT_OBJC_ISA_USAGE = YES_ERROR;
				CLANG_WARN_EMPTY_BODY = YES;
				CLANG_WARN_ENUM_CONVERSION = YES;
				CLANG_WARN_INT_CONVERSION = YES;
				CLANG_WARN_OBJC_ROOT_CLASS = YES_ERROR;
				CLANG_WARN_UNREACHABLE_CODE = YES;
				CLANG_WARN__DUPLICATE_METHOD_MATCH = YES;
				"CODE_SIGN_IDENTITY[sdk=iphoneos*]" = "iPhone Developer";
				COPY_PHASE_STRIP = NO;
				DEBUG_INFORMATION_FORMAT = "dwarf-with-dsym";
				ENABLE_NS_ASSERTIONS = NO;
				ENABLE_STRICT_OBJC_MSGSEND = YES;
				GCC_C_LANGUAGE_STANDARD = gnu99;
				GCC_NO_COMMON_BLOCKS = YES;
				GCC_WARN_64_TO_32_BIT_CONVERSION = YES;
				GCC_WARN_ABOUT_RETURN_TYPE = YES_ERROR;
				GCC_WARN_UNDECLARED_SELECTOR = YES;
				GCC_WARN_UNINITIALIZED_AUTOS = YES_AGGRESSIVE;
				GCC_WARN_UNUSED_FUNCTION = YES;
				GCC_WARN_UNUSED_VARIABLE = YES;
				IPHONEOS_DEPLOYMENT_TARGET = 9.1;
				MTL_ENABLE_DEBUG_INFO = NO;
				SDKROOT = iphoneos;
				VALIDATE_PRODUCT = YES;
			};
			name = Release;
		};
		7CE029811C8EBFA100E3FA21 /* Debug */ = {
			isa = XCBuildConfiguration;
			buildSettings = {
				ASSETCATALOG_COMPILER_APPICON_NAME = AppIcon;
				INFOPLIST_FILE = "Demo-动态选择列表/Info.plist";
				IPHONEOS_DEPLOYMENT_TARGET = 7.0;
				LD_RUNPATH_SEARCH_PATHS = "$(inherited) @executable_path/Frameworks";
				PRODUCT_BUNDLE_IDENTIFIER = "sn.Demo-------";
				PRODUCT_NAME = "$(TARGET_NAME)";
			};
			name = Debug;
		};
		7CE029821C8EBFA100E3FA21 /* Release */ = {
			isa = XCBuildConfiguration;
			buildSettings = {
				ASSETCATALOG_COMPILER_APPICON_NAME = AppIcon;
				INFOPLIST_FILE = "Demo-动态选择列表/Info.plist";
				IPHONEOS_DEPLOYMENT_TARGET = 7.0;
				LD_RUNPATH_SEARCH_PATHS = "$(inherited) @executable_path/Frameworks";
				PRODUCT_BUNDLE_IDENTIFIER = "sn.Demo-------";
				PRODUCT_NAME = "$(TARGET_NAME)";
			};
			name = Release;
		};
/* End XCBuildConfiguration section */

/* Begin XCConfigurationList section */
		7CE029641C8EBFA100E3FA21 /* Build configuration list for PBXProject "Demo-动态选择列表" */ = {
			isa = XCConfigurationList;
			buildConfigurations = (
				7CE0297E1C8EBFA100E3FA21 /* Debug */,
				7CE0297F1C8EBFA100E3FA21 /* Release */,
			);
			defaultConfigurationIsVisible = 0;
			defaultConfigurationName = Release;
		};
		7CE029801C8EBFA100E3FA21 /* Build configuration list for PBXNativeTarget "Demo-动态选择列表" */ = {
			isa = XCConfigurationList;
			buildConfigurations = (
				7CE029811C8EBFA100E3FA21 /* Debug */,
				7CE029821C8EBFA100E3FA21 /* Release */,
			);
			defaultConfigurationIsVisible = 0;
			defaultConfigurationName = Release;
		};
/* End XCConfigurationList section */
	};
	rootObject = 7CE029611C8EBFA100E3FA21 /* Project object */;
}
